
Microsoft Visual Studio Solution File, Format Version 12.00
# Visual Studio Version 17
VisualStudioVersion = 17.10.34916.146
MinimumVisualStudioVersion = 10.0.40219.1
Project("{FAE04EC0-301F-11D3-BF4B-00C04F79EFBC}") = "WebProjekat", "WebProjekat\WebProjekat.csproj", "{843FE430-C16B-4765-943B-7F2FC5C1F23B}"
EndProject
Global
	GlobalSection(SolutionConfigurationPlatforms) = preSolution
		Debug|Any CPU = Debug|Any CPU
		Release|Any CPU = Release|Any CPU
	EndGlobalSection
	GlobalSection(ProjectConfigurationPlatforms) = postSolution
		{843FE430-C16B-4765-943B-7F2FC5C1F23B}.Debug|Any CPU.ActiveCfg = Debug|Any CPU
		{843FE430-C16B-4765-943B-7F2FC5C1F23B}.Debug|Any CPU.Build.0 = Debug|Any CPU
		{843FE430-C16B-4765-943B-7F2FC5C1F23B}.Release|Any CPU.ActiveCfg = Release|Any CPU
		{843FE430-C16B-4765-943B-7F2FC5C1F23B}.Release|Any CPU.Build.0 = Release|Any CPU
	EndGlobalSection
	GlobalSection(SolutionProperties) = preSolution
		HideSolutionNode = FALSE
	EndGlobalSection
	GlobalSection(ExtensibilityGlobals) = postSolution
		SolutionGuid = {BE6F9916-59D6-418E-997E-2FACF99146FF}
	EndGlobalSection
EndGlobal
